
Microsoft Visual Studio Solution File, Format Version 12.00
# Visual Studio Version 17
VisualStudioVersion = 17.3.32804.467
MinimumVisualStudioVersion = 10.0.40219.1
Project("{9A19103F-16F7-4668-BE54-9A1E7A4F7556}") = "ApiKusova", "3dd-Api-kusova\ApiKusova.csproj", "{DC1AC890-2387-4113-82AD-CC01CD5329CC}"
EndProject
Project("{9A19103F-16F7-4668-BE54-9A1E7A4F7556}") = "Data", "3dd-Data\Data.csproj", "{D768BAD0-C0E6-475B-933A-2825F6477DF9}"
EndProject
Global
	GlobalSection(SolutionConfigurationPlatforms) = preSolution
		Debug|Any CPU = Debug|Any CPU
		Release|Any CPU = Release|Any CPU
	EndGlobalSection
	GlobalSection(ProjectConfigurationPlatforms) = postSolution
		{DC1AC890-2387-4113-82AD-CC01CD5329CC}.Debug|Any CPU.ActiveCfg = Debug|Any CPU
		{DC1AC890-2387-4113-82AD-CC01CD5329CC}.Debug|Any CPU.Build.0 = Debug|Any CPU
		{DC1AC890-2387-4113-82AD-CC01CD5329CC}.Release|Any CPU.ActiveCfg = Release|Any CPU
		{DC1AC890-2387-4113-82AD-CC01CD5329CC}.Release|Any CPU.Build.0 = Release|Any CPU
		{D768BAD0-C0E6-475B-933A-2825F6477DF9}.Debug|Any CPU.ActiveCfg = Debug|Any CPU
		{D768BAD0-C0E6-475B-933A-2825F6477DF9}.Debug|Any CPU.Build.0 = Debug|Any CPU
		{D768BAD0-C0E6-475B-933A-2825F6477DF9}.Release|Any CPU.ActiveCfg = Release|Any CPU
		{D768BAD0-C0E6-475B-933A-2825F6477DF9}.Release|Any CPU.Build.0 = Release|Any CPU
	EndGlobalSection
	GlobalSection(SolutionProperties) = preSolution
		HideSolutionNode = FALSE
	EndGlobalSection
	GlobalSection(ExtensibilityGlobals) = postSolution
		SolutionGuid = {78A8C498-745E-4876-8793-23F0BC57B560}
	EndGlobalSection
EndGlobal
